{
  "name": "@jspy-code/metacls",
  "version": "2.0.0",
  "lockfileVersion": 1,
  "requires": true,
  "dependencies": {
    "@jspy-code/metacls": {
      "version": "2.0.0",
      "resolved": "https://registry.npmjs.org/@jspy-code/metacls/-/metacls-2.0.0.tgz",
      "integrity": "sha512-EeCGkBdhcWHZ8mc+iWkOceq5Wcqbvl3ctytazEM45PRLe7zDZX2dw5NbYBEOmCJ+XA1SfS9Yw04X9LybiyBqxw=="
    }
  }
}
